# This file is automatically @generated by Cargo.
# It is not intended for manual editing.
[[package]]
name = "bufstream"
version = "0.1.4"
source = "registry+https://github.com/rust-lang/crates.io-index"

[[package]]
name = "podio"
version = "0.1.6"
source = "registry+https://github.com/rust-lang/crates.io-index"

[[package]]
name = "rcon"
version = "0.1.0"
dependencies = [
 "rcon 0.1.0 (registry+https://github.com/rust-lang/crates.io-index)",
]

[[package]]
name = "rcon"
version = "0.1.0"
source = "registry+https://github.com/rust-lang/crates.io-index"
dependencies = [
 "bufstream 0.1.4 (registry+https://github.com/rust-lang/crates.io-index)",
 "podio 0.1.6 (registry+https://github.com/rust-lang/crates.io-index)",
]

[metadata]
"checksum bufstream 0.1.4 (registry+https://github.com/rust-lang/crates.io-index)" = "40e38929add23cdf8a366df9b0e088953150724bcbe5fc330b0d8eb3b328eec8"
"checksum podio 0.1.6 (registry+https://github.com/rust-lang/crates.io-index)" = "780fb4b6698bbf9cf2444ea5d22411cef2953f0824b98f33cf454ec5615645bd"
"checksum rcon 0.1.0 (registry+https://github.com/rust-lang/crates.io-index)" = "6ad19d5facadd71ec864bda6a1e7486e70b904cca7be626b178610f7353fc722"
